
Microsoft Visual Studio Solution File, Format Version 12.00
# Visual Studio Version 17
VisualStudioVersion = 17.7.34221.43
MinimumVisualStudioVersion = 10.0.40219.1
Project("{9A19103F-16F7-4668-BE54-9A1E7A4F7556}") = "ClockiGo.Presentation", "ClockiGo.Presentation.csproj", "{713E6D84-F2D1-4B6B-962C-F0D82A36C3E1}"
EndProject
Project("{FAE04EC0-301F-11D3-BF4B-00C04F79EFBC}") = "ClockiGo.Contracts", "..\ClockiGo.Contracts\ClockiGo.Contracts.csproj", "{8CF3D3D5-2926-4BB0-A907-AB679D68D904}"
EndProject
Project("{FAE04EC0-301F-11D3-BF4B-00C04F79EFBC}") = "ClockiGo.Infrastructure", "..\ClockiGo.Infrastructure\ClockiGo.Infrastructure.csproj", "{7519E396-7395-49E2-8533-8AAC4E8C771A}"
EndProject
Project("{FAE04EC0-301F-11D3-BF4B-00C04F79EFBC}") = "ClockiGo.Application", "..\ClockiGo.Application\ClockiGo.Application.csproj", "{9CFA3803-FA97-4CF5-A825-7AB672767A00}"
EndProject
Project("{FAE04EC0-301F-11D3-BF4B-00C04F79EFBC}") = "ClockiGo.Domain", "..\ClockiGo.Domain\ClockiGo.Domain.csproj", "{574F0049-923C-4724-9614-D2C33D647C41}"
EndProject
Global
	GlobalSection(SolutionConfigurationPlatforms) = preSolution
		Debug|Any CPU = Debug|Any CPU
		Release|Any CPU = Release|Any CPU
	EndGlobalSection
	GlobalSection(ProjectConfigurationPlatforms) = postSolution
		{713E6D84-F2D1-4B6B-962C-F0D82A36C3E1}.Debug|Any CPU.ActiveCfg = Debug|Any CPU
		{713E6D84-F2D1-4B6B-962C-F0D82A36C3E1}.Debug|Any CPU.Build.0 = Debug|Any CPU
		{713E6D84-F2D1-4B6B-962C-F0D82A36C3E1}.Release|Any CPU.ActiveCfg = Release|Any CPU
		{713E6D84-F2D1-4B6B-962C-F0D82A36C3E1}.Release|Any CPU.Build.0 = Release|Any CPU
		{8CF3D3D5-2926-4BB0-A907-AB679D68D904}.Debug|Any CPU.ActiveCfg = Debug|Any CPU
		{8CF3D3D5-2926-4BB0-A907-AB679D68D904}.Debug|Any CPU.Build.0 = Debug|Any CPU
		{8CF3D3D5-2926-4BB0-A907-AB679D68D904}.Release|Any CPU.ActiveCfg = Release|Any CPU
		{8CF3D3D5-2926-4BB0-A907-AB679D68D904}.Release|Any CPU.Build.0 = Release|Any CPU
		{7519E396-7395-49E2-8533-8AAC4E8C771A}.Debug|Any CPU.ActiveCfg = Debug|Any CPU
		{7519E396-7395-49E2-8533-8AAC4E8C771A}.Debug|Any CPU.Build.0 = Debug|Any CPU
		{7519E396-7395-49E2-8533-8AAC4E8C771A}.Release|Any CPU.ActiveCfg = Release|Any CPU
		{7519E396-7395-49E2-8533-8AAC4E8C771A}.Release|Any CPU.Build.0 = Release|Any CPU
		{9CFA3803-FA97-4CF5-A825-7AB672767A00}.Debug|Any CPU.ActiveCfg = Debug|Any CPU
		{9CFA3803-FA97-4CF5-A825-7AB672767A00}.Debug|Any CPU.Build.0 = Debug|Any CPU
		{9CFA3803-FA97-4CF5-A825-7AB672767A00}.Release|Any CPU.ActiveCfg = Release|Any CPU
		{9CFA3803-FA97-4CF5-A825-7AB672767A00}.Release|Any CPU.Build.0 = Release|Any CPU
		{574F0049-923C-4724-9614-D2C33D647C41}.Debug|Any CPU.ActiveCfg = Debug|Any CPU
		{574F0049-923C-4724-9614-D2C33D647C41}.Debug|Any CPU.Build.0 = Debug|Any CPU
		{574F0049-923C-4724-9614-D2C33D647C41}.Release|Any CPU.ActiveCfg = Release|Any CPU
		{574F0049-923C-4724-9614-D2C33D647C41}.Release|Any CPU.Build.0 = Release|Any CPU
	EndGlobalSection
	GlobalSection(SolutionProperties) = preSolution
		HideSolutionNode = FALSE
	EndGlobalSection
	GlobalSection(ExtensibilityGlobals) = postSolution
		SolutionGuid = {79E166EE-754A-4E70-991F-AA773606AE7C}
	EndGlobalSection
EndGlobal
